
Microsoft Visual Studio Solution File, Format Version 12.00
# Visual Studio Version 17
VisualStudioVersion = 17.8.34330.188
MinimumVisualStudioVersion = 10.0.40219.1
Project("{FAE04EC0-301F-11D3-BF4B-00C04F79EFBC}") = "Stooper_effect", "Stooper_effect\Stooper_effect.csproj", "{B2859F78-44BF-4557-9085-C1C10DA93BEC}"
EndProject
Global
	GlobalSection(SolutionConfigurationPlatforms) = preSolution
		Debug|Any CPU = Debug|Any CPU
		Release|Any CPU = Release|Any CPU
	EndGlobalSection
	GlobalSection(ProjectConfigurationPlatforms) = postSolution
		{B2859F78-44BF-4557-9085-C1C10DA93BEC}.Debug|Any CPU.ActiveCfg = Debug|Any CPU
		{B2859F78-44BF-4557-9085-C1C10DA93BEC}.Debug|Any CPU.Build.0 = Debug|Any CPU
		{B2859F78-44BF-4557-9085-C1C10DA93BEC}.Release|Any CPU.ActiveCfg = Release|Any CPU
		{B2859F78-44BF-4557-9085-C1C10DA93BEC}.Release|Any CPU.Build.0 = Release|Any CPU
	EndGlobalSection
	GlobalSection(SolutionProperties) = preSolution
		HideSolutionNode = FALSE
	EndGlobalSection
	GlobalSection(ExtensibilityGlobals) = postSolution
		SolutionGuid = {E17F13FA-4CA5-49FC-A60A-E8C9D171B237}
	EndGlobalSection
EndGlobal
